# This file is automatically @generated by Cargo.
# It is not intended for manual editing.
version = 4

[[package]]
name = "rawscope-core"
version = "0.1.0"

[[package]]
name = "rawscope-data"
version = "0.1.0"

[[package]]
name = "rawscope-egui"
version = "0.1.0"

[[package]]
name = "rawscope-gpu"
version = "0.1.0"

[[package]]
name = "rawscope-render"
version = "0.1.0"

[[package]]
name = "rawscope-workbench"
version = "0.1.0"
dependencies = [
 "rawscope-core",
 "rawscope-data",
 "rawscope-egui",
 "rawscope-gpu",
 "rawscope-render",
]
